# This file was autogenerated by Stack.
# You should not edit this file by hand.
# For more information, please see the documentation at:
#   https://docs.haskellstack.org/en/stable/lock_files

packages:
- completed:
    hackage: repa-3.4.1.4@sha256:70ef4758937baa29be1ac0a78ecbccf341b3f276c9efb632b4829eea80445e2d,3315
    pantry-tree:
      size: 2965
      sha256: 294773b0e6be4a4198133715d4c7f2d0d8e5aec4adea7e59578d1b3823a7879d
  original:
    hackage: repa-3.4.1.4@sha256:70ef4758937baa29be1ac0a78ecbccf341b3f276c9efb632b4829eea80445e2d,3315
- completed:
    hackage: hip-1.5.6.0@sha256:296c55622f62485422c0a593c7306af1a5abf8ba9f866dcdffc281b01eba65d7,6988
    pantry-tree:
      size: 7456
      sha256: d79395e6ec9caf1132a7e001f6fe9b8ebada31e0e52087a4a1a971e3f295a7f4
  original:
    hackage: hip-1.5.6.0@sha256:296c55622f62485422c0a593c7306af1a5abf8ba9f866dcdffc281b01eba65d7
snapshots:
- completed:
    size: 532383
    url: https://raw.githubusercontent.com/commercialhaskell/stackage-snapshots/master/lts/16/10.yaml
    sha256: 469d781ab6d2a4eceed6b31b6e4ec842dcd3cd1d11577972e86902603dce24df
  original:
    url: https://raw.githubusercontent.com/commercialhaskell/stackage-snapshots/master/lts/16/10.yaml
